
Microsoft Visual Studio Solution File, Format Version 12.00
# Visual Studio Version 17
VisualStudioVersion = 17.1.32421.90
MinimumVisualStudioVersion = 10.0.40219.1
Project("{2150E333-8FDC-42A3-9474-1A3956D46DE8}") = "cicd", "cicd", "{6F6744FC-A0B6-4A7F-BA3E-F25976BCAC36}"
EndProject
Project("{2150E333-8FDC-42A3-9474-1A3956D46DE8}") = "bash", "bash", "{7EB000A8-96F9-4621-9A1F-4A94E0B31C95}"
	ProjectSection(SolutionItems) = preProject
		cicd\bash\create_initial_aca_helloworld.sh = cicd\bash\create_initial_aca_helloworld.sh
	EndProjectSection
EndProject
Project("{9A19103F-16F7-4668-BE54-9A1E7A4F7556}") = "ACA_Features", "docs\Features\ACA_Features.csproj", "{003A044E-CE63-4FA8-8047-AE6CA8AD7EE2}"
EndProject
Project("{2150E333-8FDC-42A3-9474-1A3956D46DE8}") = "docs", "docs", "{F4972942-3192-4BDD-B921-9F69F5239046}"
EndProject
Project("{2150E333-8FDC-42A3-9474-1A3956D46DE8}") = "powershell", "powershell", "{112421C5-CE73-4294-900D-FEAC056E1A4B}"
	ProjectSection(SolutionItems) = preProject
		create_initial_aca_helloworld.ps1 = create_initial_aca_helloworld.ps1
	EndProjectSection
EndProject
Project("{FAE04EC0-301F-11D3-BF4B-00C04F79EFBC}") = "WebApplication", "src\WebApp\WebApplication\WebApplication.csproj", "{393CB7D4-BCBB-493D-AAA1-13EC2A5BEF1A}"
EndProject
Project("{FAE04EC0-301F-11D3-BF4B-00C04F79EFBC}") = "apiservice", "src\Services\apiservice\apiservice.csproj", "{59CE907E-3A59-4E50-9012-15F4D307D95B}"
EndProject
Global
	GlobalSection(SolutionConfigurationPlatforms) = preSolution
		Debug|Any CPU = Debug|Any CPU
		Release|Any CPU = Release|Any CPU
	EndGlobalSection
	GlobalSection(ProjectConfigurationPlatforms) = postSolution
		{003A044E-CE63-4FA8-8047-AE6CA8AD7EE2}.Debug|Any CPU.ActiveCfg = Debug|Any CPU
		{003A044E-CE63-4FA8-8047-AE6CA8AD7EE2}.Debug|Any CPU.Build.0 = Debug|Any CPU
		{003A044E-CE63-4FA8-8047-AE6CA8AD7EE2}.Release|Any CPU.ActiveCfg = Release|Any CPU
		{003A044E-CE63-4FA8-8047-AE6CA8AD7EE2}.Release|Any CPU.Build.0 = Release|Any CPU
		{393CB7D4-BCBB-493D-AAA1-13EC2A5BEF1A}.Debug|Any CPU.ActiveCfg = Debug|Any CPU
		{393CB7D4-BCBB-493D-AAA1-13EC2A5BEF1A}.Debug|Any CPU.Build.0 = Debug|Any CPU
		{393CB7D4-BCBB-493D-AAA1-13EC2A5BEF1A}.Release|Any CPU.ActiveCfg = Release|Any CPU
		{393CB7D4-BCBB-493D-AAA1-13EC2A5BEF1A}.Release|Any CPU.Build.0 = Release|Any CPU
		{59CE907E-3A59-4E50-9012-15F4D307D95B}.Debug|Any CPU.ActiveCfg = Debug|Any CPU
		{59CE907E-3A59-4E50-9012-15F4D307D95B}.Debug|Any CPU.Build.0 = Debug|Any CPU
		{59CE907E-3A59-4E50-9012-15F4D307D95B}.Release|Any CPU.ActiveCfg = Release|Any CPU
		{59CE907E-3A59-4E50-9012-15F4D307D95B}.Release|Any CPU.Build.0 = Release|Any CPU
	EndGlobalSection
	GlobalSection(SolutionProperties) = preSolution
		HideSolutionNode = FALSE
	EndGlobalSection
	GlobalSection(NestedProjects) = preSolution
		{7EB000A8-96F9-4621-9A1F-4A94E0B31C95} = {6F6744FC-A0B6-4A7F-BA3E-F25976BCAC36}
		{003A044E-CE63-4FA8-8047-AE6CA8AD7EE2} = {F4972942-3192-4BDD-B921-9F69F5239046}
		{112421C5-CE73-4294-900D-FEAC056E1A4B} = {6F6744FC-A0B6-4A7F-BA3E-F25976BCAC36}
	EndGlobalSection
	GlobalSection(ExtensibilityGlobals) = postSolution
		SolutionGuid = {19E5C9A8-EFE4-4073-98B5-FA4CB259BDFA}
	EndGlobalSection
EndGlobal
